
Microsoft Visual Studio Solution File, Format Version 12.00
# Visual Studio 15
VisualStudioVersion = 15.0.27428.2037
MinimumVisualStudioVersion = 10.0.40219.1
Project("{8BC9CEB8-8B4A-11D0-8D11-00A0C91BC942}") = "ParserIO_COMclient", "ParserIO_COMclient\test.vcxproj", "{50AFC760-AD03-432F-A0F0-FC93F6F68DD8}"
EndProject
Project("{2150E333-8FDC-42A3-9474-1A3956D46DE8}") = ".nuget", ".nuget", "{5DA17830-3D81-4988-ACA7-2BE82D2103A1}"
	ProjectSection(SolutionItems) = preProject
		.nuget\NuGet.Config = .nuget\NuGet.Config
		.nuget\NuGet.exe = .nuget\NuGet.exe
		.nuget\NuGet.targets = .nuget\NuGet.targets
	EndProjectSection
EndProject
Project("{FAE04EC0-301F-11D3-BF4B-00C04F79EFBC}") = "ParserIO.DAO", "ParserIO.DAO\ParserIO.DAO.csproj", "{B2B11F61-9523-4DBB-9607-E9E39BD6700F}"
EndProject
Project("{FAE04EC0-301F-11D3-BF4B-00C04F79EFBC}") = "ParserIO.WCF.Client", "ParserIO.WCF.Client\ParserIO.WCF.Client.csproj", "{811C833B-237C-446F-BED3-8C86CCF48321}"
EndProject
Project("{FAE04EC0-301F-11D3-BF4B-00C04F79EFBC}") = "ParserIO.Console", "ParserIO.Console\ParserIO.Console.csproj", "{602443DA-F40A-4E20-BAC6-2BB9A24E2FBB}"
EndProject
Project("{FAE04EC0-301F-11D3-BF4B-00C04F79EFBC}") = "ParserIO.WCF.Service", "ParserIO.WCF.Service\ParserIO.WCF.Service.csproj", "{8F33F78F-B9C9-44B7-8C17-F207900B151D}"
EndProject
Project("{FAE04EC0-301F-11D3-BF4B-00C04F79EFBC}") = "ParserIO.WebAPI.Console", "ParserIO.WebAPI.Console\ParserIO.WebAPI.Console.csproj", "{40D5BCA2-AC93-4CFC-A955-AA2FF640BDD5}"
EndProject
Project("{FAE04EC0-301F-11D3-BF4B-00C04F79EFBC}") = "ParserIO.WebAPI.SPA", "ParserIO.WebAPI.SPA\ParserIO.WebAPI.SPA.csproj", "{1BF4BEAA-1605-40E2-AF32-41D3D1535F79}"
EndProject
Project("{00D1A9C2-B5F0-4AF3-8072-F6C62B433612}") = "ParserIO.Database", "ParserIO.Database\ParserIO.Database.sqlproj", "{1F668F2D-3BE4-4733-9366-AC837F100F07}"
EndProject
Project("{FAE04EC0-301F-11D3-BF4B-00C04F79EFBC}") = "ParserIO.DAL", "ParserIO.DAL\ParserIO.DAL.csproj", "{3213D694-657B-4086-872A-FB479D336CA8}"
EndProject
Project("{FAE04EC0-301F-11D3-BF4B-00C04F79EFBC}") = "ParserIO.ORM", "ParserIO.ORM\ParserIO.ORM.csproj", "{0FE369B2-7F90-410A-B1FF-00D0DEDDF1A5}"
EndProject
Project("{FAE04EC0-301F-11D3-BF4B-00C04F79EFBC}") = "ParserIO.Tools", "ParserIO.Tools\ParserIO.Tools.csproj", "{3486D14C-ACD2-492D-B672-3039C8CC0983}"
EndProject
Project("{FAE04EC0-301F-11D3-BF4B-00C04F79EFBC}") = "ParserIO.Tools.Console", "ParserIO.Tools.Console\ParserIO.Tools.Console.csproj", "{BE642AA1-4AE3-4CCA-B476-4964A5077505}"
EndProject
Project("{FAE04EC0-301F-11D3-BF4B-00C04F79EFBC}") = "ParserIO.Benchmark.Compare", "ParserIO.Benchmark.Compare\ParserIO.Benchmark.Compare.csproj", "{058DA344-8C23-4B25-9ED9-6B2D29C15F80}"
EndProject
Project("{FAE04EC0-301F-11D3-BF4B-00C04F79EFBC}") = "ParserIO.Benchmark", "ParserIO.Benchmark\ParserIO.Benchmark.csproj", "{7AB09123-2ABC-40C2-A512-14D97B6DDA60}"
EndProject
Project("{2150E333-8FDC-42A3-9474-1A3956D46DE8}") = "Data", "Data", "{513009AC-15A4-4593-8F66-81AD65844AF0}"
	ProjectSection(SolutionItems) = preProject
		Data\Barcodestore.0.0.1.xsd = Data\Barcodestore.0.0.1.xsd
		Data\Barcodestore.0.0.2.xsd = Data\Barcodestore.0.0.2.xsd
		Data\Barcodestore.0.0.3.xsd = Data\Barcodestore.0.0.3.xsd
		Data\Barcodestore.0.1.0.xsd = Data\Barcodestore.0.1.0.xsd
		Data\Barcodestore.0.1.1.xsd = Data\Barcodestore.0.1.1.xsd
		Data\Barcodestore.0.1.2.xsd = Data\Barcodestore.0.1.2.xsd
		Data\Barcodestore.0.1.3.xsd = Data\Barcodestore.0.1.3.xsd
		Data\Barcodestore.0.1.4.xsd = Data\Barcodestore.0.1.4.xsd
		Data\Barcodestore_master_20160623150402.xml = Data\Barcodestore_master_20160623150402.xml
		Data\Barcodestore_master_20160914164639.xml = Data\Barcodestore_master_20160914164639.xml
		Data\Barcodestore_master_20160926151315.xml = Data\Barcodestore_master_20160926151315.xml
		Data\Barcodestore_master_20160926155425.xml = Data\Barcodestore_master_20160926155425.xml
		Data\Barcodestore_master_20170802174047.xml = Data\Barcodestore_master_20170802174047.xml
		Data\Barcodestore_master_20180212153109.xml = Data\Barcodestore_master_20180212153109.xml
		Data\Barcodestore_master_20180411093658.xml = Data\Barcodestore_master_20180411093658.xml
		Data\Barcodestore_master_20180628145228.xml = Data\Barcodestore_master_20180628145228.xml
		Data\Barcodestore_master_20180829154420.xml = Data\Barcodestore_master_20180829154420.xml
	EndProjectSection
EndProject
Project("{FAE04EC0-301F-11D3-BF4B-00C04F79EFBC}") = "ParserIO.Core", "ParserIO.Core\ParserIO.Core.csproj", "{46A0D701-3A2B-44AC-AFD0-BE7235C3F680}"
EndProject
Project("{FAE04EC0-301F-11D3-BF4B-00C04F79EFBC}") = "ParserIO.Core.UnitTest", "ParserIO.Core.UnitTest\ParserIO.Core.UnitTest.csproj", "{F4106F61-0D0F-4F06-8E8E-F8283B66B506}"
EndProject
Project("{FAE04EC0-301F-11D3-BF4B-00C04F79EFBC}") = "ParserIO.WebAPI.Service", "ParserIO.WebAPI.Service\ParserIO.WebAPI.Service.csproj", "{6CC9D518-7F1C-4C4E-A4E6-506082D03F02}"
EndProject
Project("{FAE04EC0-301F-11D3-BF4B-00C04F79EFBC}") = "ParserIO.LegacyWS.Console", "ParserIO.LegacyWS.Console\ParserIO.LegacyWS.Console.csproj", "{F156CEC5-1EC3-4762-9199-23062A4D931D}"
EndProject
Project("{FAE04EC0-301F-11D3-BF4B-00C04F79EFBC}") = "ParserIO.LegacyWS.Service", "ParserIO.LegacyWS.Service\ParserIO.LegacyWS.Service.csproj", "{F917E5D9-AC3D-4104-99F9-A681E0170A5A}"
EndProject
Project("{FAE04EC0-301F-11D3-BF4B-00C04F79EFBC}") = "ParserIO.WinFormsApp", "ParserIO.WinFormsApp\ParserIO.WinFormsApp.csproj", "{15BB4362-8583-4584-97A8-CC96D0B836D3}"
EndProject
Project("{2150E333-8FDC-42A3-9474-1A3956D46DE8}") = "Solution Items", "Solution Items", "{1B2A1188-E0ED-4E05-BAF4-95993866547E}"
	ProjectSection(SolutionItems) = preProject
		COPYING.txt = COPYING.txt
		README.txt = README.txt
	EndProjectSection
EndProject
Global
	GlobalSection(SolutionConfigurationPlatforms) = preSolution
		Debug|Any CPU = Debug|Any CPU
		Debug|Mixed Platforms = Debug|Mixed Platforms
		Debug|Win32 = Debug|Win32
		Debug|x64 = Debug|x64
		Debug|x86 = Debug|x86
		Release|Any CPU = Release|Any CPU
		Release|Mixed Platforms = Release|Mixed Platforms
		Release|Win32 = Release|Win32
		Release|x64 = Release|x64
		Release|x86 = Release|x86
	EndGlobalSection
	GlobalSection(ProjectConfigurationPlatforms) = postSolution
		{50AFC760-AD03-432F-A0F0-FC93F6F68DD8}.Debug|Any CPU.ActiveCfg = Debug|Win32
		{50AFC760-AD03-432F-A0F0-FC93F6F68DD8}.Debug|Mixed Platforms.ActiveCfg = Debug|Win32
		{50AFC760-AD03-432F-A0F0-FC93F6F68DD8}.Debug|Mixed Platforms.Build.0 = Debug|Win32
		{50AFC760-AD03-432F-A0F0-FC93F6F68DD8}.Debug|Win32.ActiveCfg = Debug|Win32
		{50AFC760-AD03-432F-A0F0-FC93F6F68DD8}.Debug|Win32.Build.0 = Debug|Win32
		{50AFC760-AD03-432F-A0F0-FC93F6F68DD8}.Debug|x64.ActiveCfg = Debug|Win32
		{50AFC760-AD03-432F-A0F0-FC93F6F68DD8}.Debug|x86.ActiveCfg = Debug|Win32
		{50AFC760-AD03-432F-A0F0-FC93F6F68DD8}.Debug|x86.Build.0 = Debug|Win32
		{50AFC760-AD03-432F-A0F0-FC93F6F68DD8}.Release|Any CPU.ActiveCfg = Release|Win32
		{50AFC760-AD03-432F-A0F0-FC93F6F68DD8}.Release|Mixed Platforms.ActiveCfg = Release|Win32
		{50AFC760-AD03-432F-A0F0-FC93F6F68DD8}.Release|Mixed Platforms.Build.0 = Release|Win32
		{50AFC760-AD03-432F-A0F0-FC93F6F68DD8}.Release|Win32.ActiveCfg = Release|Win32
		{50AFC760-AD03-432F-A0F0-FC93F6F68DD8}.Release|Win32.Build.0 = Release|Win32
		{50AFC760-AD03-432F-A0F0-FC93F6F68DD8}.Release|x64.ActiveCfg = Release|Win32
		{50AFC760-AD03-432F-A0F0-FC93F6F68DD8}.Release|x86.ActiveCfg = Release|Win32
		{50AFC760-AD03-432F-A0F0-FC93F6F68DD8}.Release|x86.Build.0 = Release|Win32
		{B2B11F61-9523-4DBB-9607-E9E39BD6700F}.Debug|Any CPU.ActiveCfg = Debug|Any CPU
		{B2B11F61-9523-4DBB-9607-E9E39BD6700F}.Debug|Any CPU.Build.0 = Debug|Any CPU
		{B2B11F61-9523-4DBB-9607-E9E39BD6700F}.Debug|Mixed Platforms.ActiveCfg = Debug|Any CPU
		{B2B11F61-9523-4DBB-9607-E9E39BD6700F}.Debug|Mixed Platforms.Build.0 = Debug|Any CPU
		{B2B11F61-9523-4DBB-9607-E9E39BD6700F}.Debug|Win32.ActiveCfg = Debug|Any CPU
		{B2B11F61-9523-4DBB-9607-E9E39BD6700F}.Debug|Win32.Build.0 = Debug|Any CPU
		{B2B11F61-9523-4DBB-9607-E9E39BD6700F}.Debug|x64.ActiveCfg = Debug|Any CPU
		{B2B11F61-9523-4DBB-9607-E9E39BD6700F}.Debug|x64.Build.0 = Debug|Any CPU
		{B2B11F61-9523-4DBB-9607-E9E39BD6700F}.Debug|x86.ActiveCfg = Debug|Any CPU
		{B2B11F61-9523-4DBB-9607-E9E39BD6700F}.Debug|x86.Build.0 = Debug|Any CPU
		{B2B11F61-9523-4DBB-9607-E9E39BD6700F}.Release|Any CPU.ActiveCfg = Release|Any CPU
		{B2B11F61-9523-4DBB-9607-E9E39BD6700F}.Release|Any CPU.Build.0 = Release|Any CPU
		{B2B11F61-9523-4DBB-9607-E9E39BD6700F}.Release|Mixed Platforms.ActiveCfg = Release|Any CPU
		{B2B11F61-9523-4DBB-9607-E9E39BD6700F}.Release|Mixed Platforms.Build.0 = Release|Any CPU
		{B2B11F61-9523-4DBB-9607-E9E39BD6700F}.Release|Win32.ActiveCfg = Release|Any CPU
		{B2B11F61-9523-4DBB-9607-E9E39BD6700F}.Release|Win32.Build.0 = Release|Any CPU
		{B2B11F61-9523-4DBB-9607-E9E39BD6700F}.Release|x64.ActiveCfg = Release|Any CPU
		{B2B11F61-9523-4DBB-9607-E9E39BD6700F}.Release|x64.Build.0 = Release|Any CPU
		{B2B11F61-9523-4DBB-9607-E9E39BD6700F}.Release|x86.ActiveCfg = Release|Any CPU
		{B2B11F61-9523-4DBB-9607-E9E39BD6700F}.Release|x86.Build.0 = Release|Any CPU
		{811C833B-237C-446F-BED3-8C86CCF48321}.Debug|Any CPU.ActiveCfg = Debug|Any CPU
		{811C833B-237C-446F-BED3-8C86CCF48321}.Debug|Any CPU.Build.0 = Debug|Any CPU
		{811C833B-237C-446F-BED3-8C86CCF48321}.Debug|Mixed Platforms.ActiveCfg = Debug|Any CPU
		{811C833B-237C-446F-BED3-8C86CCF48321}.Debug|Mixed Platforms.Build.0 = Debug|Any CPU
		{811C833B-237C-446F-BED3-8C86CCF48321}.Debug|Win32.ActiveCfg = Debug|Any CPU
		{811C833B-237C-446F-BED3-8C86CCF48321}.Debug|Win32.Build.0 = Debug|Any CPU
		{811C833B-237C-446F-BED3-8C86CCF48321}.Debug|x64.ActiveCfg = Debug|Any CPU
		{811C833B-237C-446F-BED3-8C86CCF48321}.Debug|x64.Build.0 = Debug|Any CPU
		{811C833B-237C-446F-BED3-8C86CCF48321}.Debug|x86.ActiveCfg = Debug|Any CPU
		{811C833B-237C-446F-BED3-8C86CCF48321}.Debug|x86.Build.0 = Debug|Any CPU
		{811C833B-237C-446F-BED3-8C86CCF48321}.Release|Any CPU.ActiveCfg = Release|Any CPU
		{811C833B-237C-446F-BED3-8C86CCF48321}.Release|Any CPU.Build.0 = Release|Any CPU
		{811C833B-237C-446F-BED3-8C86CCF48321}.Release|Mixed Platforms.ActiveCfg = Release|Any CPU
		{811C833B-237C-446F-BED3-8C86CCF48321}.Release|Mixed Platforms.Build.0 = Release|Any CPU
		{811C833B-237C-446F-BED3-8C86CCF48321}.Release|Win32.ActiveCfg = Release|Any CPU
		{811C833B-237C-446F-BED3-8C86CCF48321}.Release|Win32.Build.0 = Release|Any CPU
		{811C833B-237C-446F-BED3-8C86CCF48321}.Release|x64.ActiveCfg = Release|Any CPU
		{811C833B-237C-446F-BED3-8C86CCF48321}.Release|x64.Build.0 = Release|Any CPU
		{811C833B-237C-446F-BED3-8C86CCF48321}.Release|x86.ActiveCfg = Release|Any CPU
		{811C833B-237C-446F-BED3-8C86CCF48321}.Release|x86.Build.0 = Release|Any CPU
		{602443DA-F40A-4E20-BAC6-2BB9A24E2FBB}.Debug|Any CPU.ActiveCfg = Debug|Any CPU
		{602443DA-F40A-4E20-BAC6-2BB9A24E2FBB}.Debug|Any CPU.Build.0 = Debug|Any CPU
		{602443DA-F40A-4E20-BAC6-2BB9A24E2FBB}.Debug|Mixed Platforms.ActiveCfg = Debug|Any CPU
		{602443DA-F40A-4E20-BAC6-2BB9A24E2FBB}.Debug|Mixed Platforms.Build.0 = Debug|Any CPU
		{602443DA-F40A-4E20-BAC6-2BB9A24E2FBB}.Debug|Win32.ActiveCfg = Debug|Any CPU
		{602443DA-F40A-4E20-BAC6-2BB9A24E2FBB}.Debug|Win32.Build.0 = Debug|Any CPU
		{602443DA-F40A-4E20-BAC6-2BB9A24E2FBB}.Debug|x64.ActiveCfg = Debug|Any CPU
		{602443DA-F40A-4E20-BAC6-2BB9A24E2FBB}.Debug|x64.Build.0 = Debug|Any CPU
		{602443DA-F40A-4E20-BAC6-2BB9A24E2FBB}.Debug|x86.ActiveCfg = Debug|Any CPU
		{602443DA-F40A-4E20-BAC6-2BB9A24E2FBB}.Debug|x86.Build.0 = Debug|Any CPU
		{602443DA-F40A-4E20-BAC6-2BB9A24E2FBB}.Release|Any CPU.ActiveCfg = Release|Any CPU
		{602443DA-F40A-4E20-BAC6-2BB9A24E2FBB}.Release|Any CPU.Build.0 = Release|Any CPU
		{602443DA-F40A-4E20-BAC6-2BB9A24E2FBB}.Release|Mixed Platforms.ActiveCfg = Release|Any CPU
		{602443DA-F40A-4E20-BAC6-2BB9A24E2FBB}.Release|Mixed Platforms.Build.0 = Release|Any CPU
		{602443DA-F40A-4E20-BAC6-2BB9A24E2FBB}.Release|Win32.ActiveCfg = Release|Any CPU
		{602443DA-F40A-4E20-BAC6-2BB9A24E2FBB}.Release|Win32.Build.0 = Release|Any CPU
		{602443DA-F40A-4E20-BAC6-2BB9A24E2FBB}.Release|x64.ActiveCfg = Release|Any CPU
		{602443DA-F40A-4E20-BAC6-2BB9A24E2FBB}.Release|x64.Build.0 = Release|Any CPU
		{602443DA-F40A-4E20-BAC6-2BB9A24E2FBB}.Release|x86.ActiveCfg = Release|Any CPU
		{602443DA-F40A-4E20-BAC6-2BB9A24E2FBB}.Release|x86.Build.0 = Release|Any CPU
		{8F33F78F-B9C9-44B7-8C17-F207900B151D}.Debug|Any CPU.ActiveCfg = Debug|Any CPU
		{8F33F78F-B9C9-44B7-8C17-F207900B151D}.Debug|Any CPU.Build.0 = Debug|Any CPU
		{8F33F78F-B9C9-44B7-8C17-F207900B151D}.Debug|Mixed Platforms.ActiveCfg = Debug|Any CPU
		{8F33F78F-B9C9-44B7-8C17-F207900B151D}.Debug|Mixed Platforms.Build.0 = Debug|Any CPU
		{8F33F78F-B9C9-44B7-8C17-F207900B151D}.Debug|Win32.ActiveCfg = Debug|Any CPU
		{8F33F78F-B9C9-44B7-8C17-F207900B151D}.Debug|Win32.Build.0 = Debug|Any CPU
		{8F33F78F-B9C9-44B7-8C17-F207900B151D}.Debug|x64.ActiveCfg = Debug|Any CPU
		{8F33F78F-B9C9-44B7-8C17-F207900B151D}.Debug|x64.Build.0 = Debug|Any CPU
		{8F33F78F-B9C9-44B7-8C17-F207900B151D}.Debug|x86.ActiveCfg = Debug|Any CPU
		{8F33F78F-B9C9-44B7-8C17-F207900B151D}.Debug|x86.Build.0 = Debug|Any CPU
		{8F33F78F-B9C9-44B7-8C17-F207900B151D}.Release|Any CPU.ActiveCfg = Release|Any CPU
		{8F33F78F-B9C9-44B7-8C17-F207900B151D}.Release|Any CPU.Build.0 = Release|Any CPU
		{8F33F78F-B9C9-44B7-8C17-F207900B151D}.Release|Mixed Platforms.ActiveCfg = Release|Any CPU
		{8F33F78F-B9C9-44B7-8C17-F207900B151D}.Release|Mixed Platforms.Build.0 = Release|Any CPU
		{8F33F78F-B9C9-44B7-8C17-F207900B151D}.Release|Win32.ActiveCfg = Release|Any CPU
		{8F33F78F-B9C9-44B7-8C17-F207900B151D}.Release|Win32.Build.0 = Release|Any CPU
		{8F33F78F-B9C9-44B7-8C17-F207900B151D}.Release|x64.ActiveCfg = Release|Any CPU
		{8F33F78F-B9C9-44B7-8C17-F207900B151D}.Release|x64.Build.0 = Release|Any CPU
		{8F33F78F-B9C9-44B7-8C17-F207900B151D}.Release|x86.ActiveCfg = Release|Any CPU
		{8F33F78F-B9C9-44B7-8C17-F207900B151D}.Release|x86.Build.0 = Release|Any CPU
		{40D5BCA2-AC93-4CFC-A955-AA2FF640BDD5}.Debug|Any CPU.ActiveCfg = Debug|Any CPU
		{40D5BCA2-AC93-4CFC-A955-AA2FF640BDD5}.Debug|Any CPU.Build.0 = Debug|Any CPU
		{40D5BCA2-AC93-4CFC-A955-AA2FF640BDD5}.Debug|Mixed Platforms.ActiveCfg = Debug|Any CPU
		{40D5BCA2-AC93-4CFC-A955-AA2FF640BDD5}.Debug|Mixed Platforms.Build.0 = Debug|Any CPU
		{40D5BCA2-AC93-4CFC-A955-AA2FF640BDD5}.Debug|Win32.ActiveCfg = Debug|Any CPU
		{40D5BCA2-AC93-4CFC-A955-AA2FF640BDD5}.Debug|Win32.Build.0 = Debug|Any CPU
		{40D5BCA2-AC93-4CFC-A955-AA2FF640BDD5}.Debug|x64.ActiveCfg = Debug|Any CPU
		{40D5BCA2-AC93-4CFC-A955-AA2FF640BDD5}.Debug|x64.Build.0 = Debug|Any CPU
		{40D5BCA2-AC93-4CFC-A955-AA2FF640BDD5}.Debug|x86.ActiveCfg = Debug|Any CPU
		{40D5BCA2-AC93-4CFC-A955-AA2FF640BDD5}.Debug|x86.Build.0 = Debug|Any CPU
		{40D5BCA2-AC93-4CFC-A955-AA2FF640BDD5}.Release|Any CPU.ActiveCfg = Release|Any CPU
		{40D5BCA2-AC93-4CFC-A955-AA2FF640BDD5}.Release|Any CPU.Build.0 = Release|Any CPU
		{40D5BCA2-AC93-4CFC-A955-AA2FF640BDD5}.Release|Mixed Platforms.ActiveCfg = Release|Any CPU
		{40D5BCA2-AC93-4CFC-A955-AA2FF640BDD5}.Release|Mixed Platforms.Build.0 = Release|Any CPU
		{40D5BCA2-AC93-4CFC-A955-AA2FF640BDD5}.Release|Win32.ActiveCfg = Release|Any CPU
		{40D5BCA2-AC93-4CFC-A955-AA2FF640BDD5}.Release|Win32.Build.0 = Release|Any CPU
		{40D5BCA2-AC93-4CFC-A955-AA2FF640BDD5}.Release|x64.ActiveCfg = Release|Any CPU
		{40D5BCA2-AC93-4CFC-A955-AA2FF640BDD5}.Release|x64.Build.0 = Release|Any CPU
		{40D5BCA2-AC93-4CFC-A955-AA2FF640BDD5}.Release|x86.ActiveCfg = Release|Any CPU
		{40D5BCA2-AC93-4CFC-A955-AA2FF640BDD5}.Release|x86.Build.0 = Release|Any CPU
		{1BF4BEAA-1605-40E2-AF32-41D3D1535F79}.Debug|Any CPU.ActiveCfg = Debug|Any CPU
		{1BF4BEAA-1605-40E2-AF32-41D3D1535F79}.Debug|Any CPU.Build.0 = Debug|Any CPU
		{1BF4BEAA-1605-40E2-AF32-41D3D1535F79}.Debug|Mixed Platforms.ActiveCfg = Debug|Any CPU
		{1BF4BEAA-1605-40E2-AF32-41D3D1535F79}.Debug|Mixed Platforms.Build.0 = Debug|Any CPU
		{1BF4BEAA-1605-40E2-AF32-41D3D1535F79}.Debug|Win32.ActiveCfg = Debug|Any CPU
		{1BF4BEAA-1605-40E2-AF32-41D3D1535F79}.Debug|Win32.Build.0 = Debug|Any CPU
		{1BF4BEAA-1605-40E2-AF32-41D3D1535F79}.Debug|x64.ActiveCfg = Debug|Any CPU
		{1BF4BEAA-1605-40E2-AF32-41D3D1535F79}.Debug|x64.Build.0 = Debug|Any CPU
		{1BF4BEAA-1605-40E2-AF32-41D3D1535F79}.Debug|x86.ActiveCfg = Debug|Any CPU
		{1BF4BEAA-1605-40E2-AF32-41D3D1535F79}.Debug|x86.Build.0 = Debug|Any CPU
		{1BF4BEAA-1605-40E2-AF32-41D3D1535F79}.Release|Any CPU.ActiveCfg = Release|Any CPU
		{1BF4BEAA-1605-40E2-AF32-41D3D1535F79}.Release|Any CPU.Build.0 = Release|Any CPU
		{1BF4BEAA-1605-40E2-AF32-41D3D1535F79}.Release|Mixed Platforms.ActiveCfg = Release|Any CPU
		{1BF4BEAA-1605-40E2-AF32-41D3D1535F79}.Release|Mixed Platforms.Build.0 = Release|Any CPU
		{1BF4BEAA-1605-40E2-AF32-41D3D1535F79}.Release|Win32.ActiveCfg = Release|Any CPU
		{1BF4BEAA-1605-40E2-AF32-41D3D1535F79}.Release|Win32.Build.0 = Release|Any CPU
		{1BF4BEAA-1605-40E2-AF32-41D3D1535F79}.Release|x64.ActiveCfg = Release|Any CPU
		{1BF4BEAA-1605-40E2-AF32-41D3D1535F79}.Release|x64.Build.0 = Release|Any CPU
		{1BF4BEAA-1605-40E2-AF32-41D3D1535F79}.Release|x86.ActiveCfg = Release|Any CPU
		{1BF4BEAA-1605-40E2-AF32-41D3D1535F79}.Release|x86.Build.0 = Release|Any CPU
		{1F668F2D-3BE4-4733-9366-AC837F100F07}.Debug|Any CPU.ActiveCfg = Debug|Any CPU
		{1F668F2D-3BE4-4733-9366-AC837F100F07}.Debug|Any CPU.Build.0 = Debug|Any CPU
		{1F668F2D-3BE4-4733-9366-AC837F100F07}.Debug|Any CPU.Deploy.0 = Debug|Any CPU
		{1F668F2D-3BE4-4733-9366-AC837F100F07}.Debug|Mixed Platforms.ActiveCfg = Debug|Any CPU
		{1F668F2D-3BE4-4733-9366-AC837F100F07}.Debug|Mixed Platforms.Build.0 = Debug|Any CPU
		{1F668F2D-3BE4-4733-9366-AC837F100F07}.Debug|Mixed Platforms.Deploy.0 = Debug|Any CPU
		{1F668F2D-3BE4-4733-9366-AC837F100F07}.Debug|Win32.ActiveCfg = Debug|Any CPU
		{1F668F2D-3BE4-4733-9366-AC837F100F07}.Debug|Win32.Build.0 = Debug|Any CPU
		{1F668F2D-3BE4-4733-9366-AC837F100F07}.Debug|Win32.Deploy.0 = Debug|Any CPU
		{1F668F2D-3BE4-4733-9366-AC837F100F07}.Debug|x64.ActiveCfg = Debug|Any CPU
		{1F668F2D-3BE4-4733-9366-AC837F100F07}.Debug|x64.Build.0 = Debug|Any CPU
		{1F668F2D-3BE4-4733-9366-AC837F100F07}.Debug|x64.Deploy.0 = Debug|Any CPU
		{1F668F2D-3BE4-4733-9366-AC837F100F07}.Debug|x86.ActiveCfg = Debug|Any CPU
		{1F668F2D-3BE4-4733-9366-AC837F100F07}.Debug|x86.Build.0 = Debug|Any CPU
		{1F668F2D-3BE4-4733-9366-AC837F100F07}.Debug|x86.Deploy.0 = Debug|Any CPU
		{1F668F2D-3BE4-4733-9366-AC837F100F07}.Release|Any CPU.ActiveCfg = Release|Any CPU
		{1F668F2D-3BE4-4733-9366-AC837F100F07}.Release|Any CPU.Build.0 = Release|Any CPU
		{1F668F2D-3BE4-4733-9366-AC837F100F07}.Release|Any CPU.Deploy.0 = Release|Any CPU
		{1F668F2D-3BE4-4733-9366-AC837F100F07}.Release|Mixed Platforms.ActiveCfg = Release|Any CPU
		{1F668F2D-3BE4-4733-9366-AC837F100F07}.Release|Mixed Platforms.Build.0 = Release|Any CPU
		{1F668F2D-3BE4-4733-9366-AC837F100F07}.Release|Mixed Platforms.Deploy.0 = Release|Any CPU
		{1F668F2D-3BE4-4733-9366-AC837F100F07}.Release|Win32.ActiveCfg = Release|Any CPU
		{1F668F2D-3BE4-4733-9366-AC837F100F07}.Release|Win32.Build.0 = Release|Any CPU
		{1F668F2D-3BE4-4733-9366-AC837F100F07}.Release|Win32.Deploy.0 = Release|Any CPU
		{1F668F2D-3BE4-4733-9366-AC837F100F07}.Release|x64.ActiveCfg = Release|Any CPU
		{1F668F2D-3BE4-4733-9366-AC837F100F07}.Release|x64.Build.0 = Release|Any CPU
		{1F668F2D-3BE4-4733-9366-AC837F100F07}.Release|x64.Deploy.0 = Release|Any CPU
		{1F668F2D-3BE4-4733-9366-AC837F100F07}.Release|x86.ActiveCfg = Release|Any CPU
		{1F668F2D-3BE4-4733-9366-AC837F100F07}.Release|x86.Build.0 = Release|Any CPU
		{1F668F2D-3BE4-4733-9366-AC837F100F07}.Release|x86.Deploy.0 = Release|Any CPU
		{3213D694-657B-4086-872A-FB479D336CA8}.Debug|Any CPU.ActiveCfg = Debug|Any CPU
		{3213D694-657B-4086-872A-FB479D336CA8}.Debug|Any CPU.Build.0 = Debug|Any CPU
		{3213D694-657B-4086-872A-FB479D336CA8}.Debug|Mixed Platforms.ActiveCfg = Debug|Any CPU
		{3213D694-657B-4086-872A-FB479D336CA8}.Debug|Mixed Platforms.Build.0 = Debug|Any CPU
		{3213D694-657B-4086-872A-FB479D336CA8}.Debug|Win32.ActiveCfg = Debug|Any CPU
		{3213D694-657B-4086-872A-FB479D336CA8}.Debug|Win32.Build.0 = Debug|Any CPU
		{3213D694-657B-4086-872A-FB479D336CA8}.Debug|x64.ActiveCfg = Debug|Any CPU
		{3213D694-657B-4086-872A-FB479D336CA8}.Debug|x64.Build.0 = Debug|Any CPU
		{3213D694-657B-4086-872A-FB479D336CA8}.Debug|x86.ActiveCfg = Debug|Any CPU
		{3213D694-657B-4086-872A-FB479D336CA8}.Debug|x86.Build.0 = Debug|Any CPU
		{3213D694-657B-4086-872A-FB479D336CA8}.Release|Any CPU.ActiveCfg = Release|Any CPU
		{3213D694-657B-4086-872A-FB479D336CA8}.Release|Any CPU.Build.0 = Release|Any CPU
		{3213D694-657B-4086-872A-FB479D336CA8}.Release|Mixed Platforms.ActiveCfg = Release|Any CPU
		{3213D694-657B-4086-872A-FB479D336CA8}.Release|Mixed Platforms.Build.0 = Release|Any CPU
		{3213D694-657B-4086-872A-FB479D336CA8}.Release|Win32.ActiveCfg = Release|Any CPU
		{3213D694-657B-4086-872A-FB479D336CA8}.Release|Win32.Build.0 = Release|Any CPU
		{3213D694-657B-4086-872A-FB479D336CA8}.Release|x64.ActiveCfg = Release|Any CPU
		{3213D694-657B-4086-872A-FB479D336CA8}.Release|x64.Build.0 = Release|Any CPU
		{3213D694-657B-4086-872A-FB479D336CA8}.Release|x86.ActiveCfg = Release|Any CPU
		{3213D694-657B-4086-872A-FB479D336CA8}.Release|x86.Build.0 = Release|Any CPU
		{0FE369B2-7F90-410A-B1FF-00D0DEDDF1A5}.Debug|Any CPU.ActiveCfg = Debug|Any CPU
		{0FE369B2-7F90-410A-B1FF-00D0DEDDF1A5}.Debug|Any CPU.Build.0 = Debug|Any CPU
		{0FE369B2-7F90-410A-B1FF-00D0DEDDF1A5}.Debug|Mixed Platforms.ActiveCfg = Debug|Any CPU
		{0FE369B2-7F90-410A-B1FF-00D0DEDDF1A5}.Debug|Mixed Platforms.Build.0 = Debug|Any CPU
		{0FE369B2-7F90-410A-B1FF-00D0DEDDF1A5}.Debug|Win32.ActiveCfg = Debug|Any CPU
		{0FE369B2-7F90-410A-B1FF-00D0DEDDF1A5}.Debug|Win32.Build.0 = Debug|Any CPU
		{0FE369B2-7F90-410A-B1FF-00D0DEDDF1A5}.Debug|x64.ActiveCfg = Debug|Any CPU
		{0FE369B2-7F90-410A-B1FF-00D0DEDDF1A5}.Debug|x64.Build.0 = Debug|Any CPU
		{0FE369B2-7F90-410A-B1FF-00D0DEDDF1A5}.Debug|x86.ActiveCfg = Debug|Any CPU
		{0FE369B2-7F90-410A-B1FF-00D0DEDDF1A5}.Debug|x86.Build.0 = Debug|Any CPU
		{0FE369B2-7F90-410A-B1FF-00D0DEDDF1A5}.Release|Any CPU.ActiveCfg = Release|Any CPU
		{0FE369B2-7F90-410A-B1FF-00D0DEDDF1A5}.Release|Any CPU.Build.0 = Release|Any CPU
		{0FE369B2-7F90-410A-B1FF-00D0DEDDF1A5}.Release|Mixed Platforms.ActiveCfg = Release|Any CPU
		{0FE369B2-7F90-410A-B1FF-00D0DEDDF1A5}.Release|Mixed Platforms.Build.0 = Release|Any CPU
		{0FE369B2-7F90-410A-B1FF-00D0DEDDF1A5}.Release|Win32.ActiveCfg = Release|Any CPU
		{0FE369B2-7F90-410A-B1FF-00D0DEDDF1A5}.Release|Win32.Build.0 = Release|Any CPU
		{0FE369B2-7F90-410A-B1FF-00D0DEDDF1A5}.Release|x64.ActiveCfg = Release|Any CPU
		{0FE369B2-7F90-410A-B1FF-00D0DEDDF1A5}.Release|x64.Build.0 = Release|Any CPU
		{0FE369B2-7F90-410A-B1FF-00D0DEDDF1A5}.Release|x86.ActiveCfg = Release|Any CPU
		{0FE369B2-7F90-410A-B1FF-00D0DEDDF1A5}.Release|x86.Build.0 = Release|Any CPU
		{3486D14C-ACD2-492D-B672-3039C8CC0983}.Debug|Any CPU.ActiveCfg = Debug|Any CPU
		{3486D14C-ACD2-492D-B672-3039C8CC0983}.Debug|Any CPU.Build.0 = Debug|Any CPU
		{3486D14C-ACD2-492D-B672-3039C8CC0983}.Debug|Mixed Platforms.ActiveCfg = Debug|Any CPU
		{3486D14C-ACD2-492D-B672-3039C8CC0983}.Debug|Mixed Platforms.Build.0 = Debug|Any CPU
		{3486D14C-ACD2-492D-B672-3039C8CC0983}.Debug|Win32.ActiveCfg = Debug|Any CPU
		{3486D14C-ACD2-492D-B672-3039C8CC0983}.Debug|Win32.Build.0 = Debug|Any CPU
		{3486D14C-ACD2-492D-B672-3039C8CC0983}.Debug|x64.ActiveCfg = Debug|Any CPU
		{3486D14C-ACD2-492D-B672-3039C8CC0983}.Debug|x64.Build.0 = Debug|Any CPU
		{3486D14C-ACD2-492D-B672-3039C8CC0983}.Debug|x86.ActiveCfg = Debug|Any CPU
		{3486D14C-ACD2-492D-B672-3039C8CC0983}.Debug|x86.Build.0 = Debug|Any CPU
		{3486D14C-ACD2-492D-B672-3039C8CC0983}.Release|Any CPU.ActiveCfg = Release|Any CPU
		{3486D14C-ACD2-492D-B672-3039C8CC0983}.Release|Any CPU.Build.0 = Release|Any CPU
		{3486D14C-ACD2-492D-B672-3039C8CC0983}.Release|Mixed Platforms.ActiveCfg = Release|Any CPU
		{3486D14C-ACD2-492D-B672-3039C8CC0983}.Release|Mixed Platforms.Build.0 = Release|Any CPU
		{3486D14C-ACD2-492D-B672-3039C8CC0983}.Release|Win32.ActiveCfg = Release|Any CPU
		{3486D14C-ACD2-492D-B672-3039C8CC0983}.Release|Win32.Build.0 = Release|Any CPU
		{3486D14C-ACD2-492D-B672-3039C8CC0983}.Release|x64.ActiveCfg = Release|Any CPU
		{3486D14C-ACD2-492D-B672-3039C8CC0983}.Release|x64.Build.0 = Release|Any CPU
		{3486D14C-ACD2-492D-B672-3039C8CC0983}.Release|x86.ActiveCfg = Release|Any CPU
		{3486D14C-ACD2-492D-B672-3039C8CC0983}.Release|x86.Build.0 = Release|Any CPU
		{BE642AA1-4AE3-4CCA-B476-4964A5077505}.Debug|Any CPU.ActiveCfg = Debug|Any CPU
		{BE642AA1-4AE3-4CCA-B476-4964A5077505}.Debug|Any CPU.Build.0 = Debug|Any CPU
		{BE642AA1-4AE3-4CCA-B476-4964A5077505}.Debug|Mixed Platforms.ActiveCfg = Debug|Any CPU
		{BE642AA1-4AE3-4CCA-B476-4964A5077505}.Debug|Mixed Platforms.Build.0 = Debug|Any CPU
		{BE642AA1-4AE3-4CCA-B476-4964A5077505}.Debug|Win32.ActiveCfg = Debug|Any CPU
		{BE642AA1-4AE3-4CCA-B476-4964A5077505}.Debug|Win32.Build.0 = Debug|Any CPU
		{BE642AA1-4AE3-4CCA-B476-4964A5077505}.Debug|x64.ActiveCfg = Debug|Any CPU
		{BE642AA1-4AE3-4CCA-B476-4964A5077505}.Debug|x64.Build.0 = Debug|Any CPU
		{BE642AA1-4AE3-4CCA-B476-4964A5077505}.Debug|x86.ActiveCfg = Debug|Any CPU
		{BE642AA1-4AE3-4CCA-B476-4964A5077505}.Debug|x86.Build.0 = Debug|Any CPU
		{BE642AA1-4AE3-4CCA-B476-4964A5077505}.Release|Any CPU.ActiveCfg = Release|Any CPU
		{BE642AA1-4AE3-4CCA-B476-4964A5077505}.Release|Any CPU.Build.0 = Release|Any CPU
		{BE642AA1-4AE3-4CCA-B476-4964A5077505}.Release|Mixed Platforms.ActiveCfg = Release|Any CPU
		{BE642AA1-4AE3-4CCA-B476-4964A5077505}.Release|Mixed Platforms.Build.0 = Release|Any CPU
		{BE642AA1-4AE3-4CCA-B476-4964A5077505}.Release|Win32.ActiveCfg = Release|Any CPU
		{BE642AA1-4AE3-4CCA-B476-4964A5077505}.Release|Win32.Build.0 = Release|Any CPU
		{BE642AA1-4AE3-4CCA-B476-4964A5077505}.Release|x64.ActiveCfg = Release|Any CPU
		{BE642AA1-4AE3-4CCA-B476-4964A5077505}.Release|x64.Build.0 = Release|Any CPU
		{BE642AA1-4AE3-4CCA-B476-4964A5077505}.Release|x86.ActiveCfg = Release|Any CPU
		{BE642AA1-4AE3-4CCA-B476-4964A5077505}.Release|x86.Build.0 = Release|Any CPU
		{058DA344-8C23-4B25-9ED9-6B2D29C15F80}.Debug|Any CPU.ActiveCfg = Debug|Any CPU
		{058DA344-8C23-4B25-9ED9-6B2D29C15F80}.Debug|Any CPU.Build.0 = Debug|Any CPU
		{058DA344-8C23-4B25-9ED9-6B2D29C15F80}.Debug|Mixed Platforms.ActiveCfg = Debug|Any CPU
		{058DA344-8C23-4B25-9ED9-6B2D29C15F80}.Debug|Mixed Platforms.Build.0 = Debug|Any CPU
		{058DA344-8C23-4B25-9ED9-6B2D29C15F80}.Debug|Win32.ActiveCfg = Debug|Any CPU
		{058DA344-8C23-4B25-9ED9-6B2D29C15F80}.Debug|Win32.Build.0 = Debug|Any CPU
		{058DA344-8C23-4B25-9ED9-6B2D29C15F80}.Debug|x64.ActiveCfg = Debug|Any CPU
		{058DA344-8C23-4B25-9ED9-6B2D29C15F80}.Debug|x64.Build.0 = Debug|Any CPU
		{058DA344-8C23-4B25-9ED9-6B2D29C15F80}.Debug|x86.ActiveCfg = Debug|Any CPU
		{058DA344-8C23-4B25-9ED9-6B2D29C15F80}.Debug|x86.Build.0 = Debug|Any CPU
		{058DA344-8C23-4B25-9ED9-6B2D29C15F80}.Release|Any CPU.ActiveCfg = Release|Any CPU
		{058DA344-8C23-4B25-9ED9-6B2D29C15F80}.Release|Any CPU.Build.0 = Release|Any CPU
		{058DA344-8C23-4B25-9ED9-6B2D29C15F80}.Release|Mixed Platforms.ActiveCfg = Release|Any CPU
		{058DA344-8C23-4B25-9ED9-6B2D29C15F80}.Release|Mixed Platforms.Build.0 = Release|Any CPU
		{058DA344-8C23-4B25-9ED9-6B2D29C15F80}.Release|Win32.ActiveCfg = Release|Any CPU
		{058DA344-8C23-4B25-9ED9-6B2D29C15F80}.Release|Win32.Build.0 = Release|Any CPU
		{058DA344-8C23-4B25-9ED9-6B2D29C15F80}.Release|x64.ActiveCfg = Release|Any CPU
		{058DA344-8C23-4B25-9ED9-6B2D29C15F80}.Release|x64.Build.0 = Release|Any CPU
		{058DA344-8C23-4B25-9ED9-6B2D29C15F80}.Release|x86.ActiveCfg = Release|Any CPU
		{058DA344-8C23-4B25-9ED9-6B2D29C15F80}.Release|x86.Build.0 = Release|Any CPU
		{7AB09123-2ABC-40C2-A512-14D97B6DDA60}.Debug|Any CPU.ActiveCfg = Debug|Any CPU
		{7AB09123-2ABC-40C2-A512-14D97B6DDA60}.Debug|Any CPU.Build.0 = Debug|Any CPU
		{7AB09123-2ABC-40C2-A512-14D97B6DDA60}.Debug|Mixed Platforms.ActiveCfg = Debug|Any CPU
		{7AB09123-2ABC-40C2-A512-14D97B6DDA60}.Debug|Mixed Platforms.Build.0 = Debug|Any CPU
		{7AB09123-2ABC-40C2-A512-14D97B6DDA60}.Debug|Win32.ActiveCfg = Debug|Any CPU
		{7AB09123-2ABC-40C2-A512-14D97B6DDA60}.Debug|Win32.Build.0 = Debug|Any CPU
		{7AB09123-2ABC-40C2-A512-14D97B6DDA60}.Debug|x64.ActiveCfg = Debug|Any CPU
		{7AB09123-2ABC-40C2-A512-14D97B6DDA60}.Debug|x64.Build.0 = Debug|Any CPU
		{7AB09123-2ABC-40C2-A512-14D97B6DDA60}.Debug|x86.ActiveCfg = Debug|Any CPU
		{7AB09123-2ABC-40C2-A512-14D97B6DDA60}.Debug|x86.Build.0 = Debug|Any CPU
		{7AB09123-2ABC-40C2-A512-14D97B6DDA60}.Release|Any CPU.ActiveCfg = Release|Any CPU
		{7AB09123-2ABC-40C2-A512-14D97B6DDA60}.Release|Any CPU.Build.0 = Release|Any CPU
		{7AB09123-2ABC-40C2-A512-14D97B6DDA60}.Release|Mixed Platforms.ActiveCfg = Release|Any CPU
		{7AB09123-2ABC-40C2-A512-14D97B6DDA60}.Release|Mixed Platforms.Build.0 = Release|Any CPU
		{7AB09123-2ABC-40C2-A512-14D97B6DDA60}.Release|Win32.ActiveCfg = Release|Any CPU
		{7AB09123-2ABC-40C2-A512-14D97B6DDA60}.Release|Win32.Build.0 = Release|Any CPU
		{7AB09123-2ABC-40C2-A512-14D97B6DDA60}.Release|x64.ActiveCfg = Release|Any CPU
		{7AB09123-2ABC-40C2-A512-14D97B6DDA60}.Release|x64.Build.0 = Release|Any CPU
		{7AB09123-2ABC-40C2-A512-14D97B6DDA60}.Release|x86.ActiveCfg = Release|Any CPU
		{7AB09123-2ABC-40C2-A512-14D97B6DDA60}.Release|x86.Build.0 = Release|Any CPU
		{46A0D701-3A2B-44AC-AFD0-BE7235C3F680}.Debug|Any CPU.ActiveCfg = Debug|Any CPU
		{46A0D701-3A2B-44AC-AFD0-BE7235C3F680}.Debug|Any CPU.Build.0 = Debug|Any CPU
		{46A0D701-3A2B-44AC-AFD0-BE7235C3F680}.Debug|Mixed Platforms.ActiveCfg = Debug|Any CPU
		{46A0D701-3A2B-44AC-AFD0-BE7235C3F680}.Debug|Mixed Platforms.Build.0 = Debug|Any CPU
		{46A0D701-3A2B-44AC-AFD0-BE7235C3F680}.Debug|Win32.ActiveCfg = Debug|Any CPU
		{46A0D701-3A2B-44AC-AFD0-BE7235C3F680}.Debug|Win32.Build.0 = Debug|Any CPU
		{46A0D701-3A2B-44AC-AFD0-BE7235C3F680}.Debug|x64.ActiveCfg = Debug|Any CPU
		{46A0D701-3A2B-44AC-AFD0-BE7235C3F680}.Debug|x64.Build.0 = Debug|Any CPU
		{46A0D701-3A2B-44AC-AFD0-BE7235C3F680}.Debug|x86.ActiveCfg = Debug|Any CPU
		{46A0D701-3A2B-44AC-AFD0-BE7235C3F680}.Debug|x86.Build.0 = Debug|Any CPU
		{46A0D701-3A2B-44AC-AFD0-BE7235C3F680}.Release|Any CPU.ActiveCfg = Release|Any CPU
		{46A0D701-3A2B-44AC-AFD0-BE7235C3F680}.Release|Any CPU.Build.0 = Release|Any CPU
		{46A0D701-3A2B-44AC-AFD0-BE7235C3F680}.Release|Mixed Platforms.ActiveCfg = Release|Any CPU
		{46A0D701-3A2B-44AC-AFD0-BE7235C3F680}.Release|Mixed Platforms.Build.0 = Release|Any CPU
		{46A0D701-3A2B-44AC-AFD0-BE7235C3F680}.Release|Win32.ActiveCfg = Release|Any CPU
		{46A0D701-3A2B-44AC-AFD0-BE7235C3F680}.Release|Win32.Build.0 = Release|Any CPU
		{46A0D701-3A2B-44AC-AFD0-BE7235C3F680}.Release|x64.ActiveCfg = Release|Any CPU
		{46A0D701-3A2B-44AC-AFD0-BE7235C3F680}.Release|x64.Build.0 = Release|Any CPU
		{46A0D701-3A2B-44AC-AFD0-BE7235C3F680}.Release|x86.ActiveCfg = Release|Any CPU
		{46A0D701-3A2B-44AC-AFD0-BE7235C3F680}.Release|x86.Build.0 = Release|Any CPU
		{F4106F61-0D0F-4F06-8E8E-F8283B66B506}.Debug|Any CPU.ActiveCfg = Debug|Any CPU
		{F4106F61-0D0F-4F06-8E8E-F8283B66B506}.Debug|Any CPU.Build.0 = Debug|Any CPU
		{F4106F61-0D0F-4F06-8E8E-F8283B66B506}.Debug|Mixed Platforms.ActiveCfg = Debug|Any CPU
		{F4106F61-0D0F-4F06-8E8E-F8283B66B506}.Debug|Mixed Platforms.Build.0 = Debug|Any CPU
		{F4106F61-0D0F-4F06-8E8E-F8283B66B506}.Debug|Win32.ActiveCfg = Debug|Any CPU
		{F4106F61-0D0F-4F06-8E8E-F8283B66B506}.Debug|Win32.Build.0 = Debug|Any CPU
		{F4106F61-0D0F-4F06-8E8E-F8283B66B506}.Debug|x64.ActiveCfg = Debug|Any CPU
		{F4106F61-0D0F-4F06-8E8E-F8283B66B506}.Debug|x64.Build.0 = Debug|Any CPU
		{F4106F61-0D0F-4F06-8E8E-F8283B66B506}.Debug|x86.ActiveCfg = Debug|Any CPU
		{F4106F61-0D0F-4F06-8E8E-F8283B66B506}.Debug|x86.Build.0 = Debug|Any CPU
		{F4106F61-0D0F-4F06-8E8E-F8283B66B506}.Release|Any CPU.ActiveCfg = Release|Any CPU
		{F4106F61-0D0F-4F06-8E8E-F8283B66B506}.Release|Any CPU.Build.0 = Release|Any CPU
		{F4106F61-0D0F-4F06-8E8E-F8283B66B506}.Release|Mixed Platforms.ActiveCfg = Release|Any CPU
		{F4106F61-0D0F-4F06-8E8E-F8283B66B506}.Release|Mixed Platforms.Build.0 = Release|Any CPU
		{F4106F61-0D0F-4F06-8E8E-F8283B66B506}.Release|Win32.ActiveCfg = Release|Any CPU
		{F4106F61-0D0F-4F06-8E8E-F8283B66B506}.Release|Win32.Build.0 = Release|Any CPU
		{F4106F61-0D0F-4F06-8E8E-F8283B66B506}.Release|x64.ActiveCfg = Release|Any CPU
		{F4106F61-0D0F-4F06-8E8E-F8283B66B506}.Release|x64.Build.0 = Release|Any CPU
		{F4106F61-0D0F-4F06-8E8E-F8283B66B506}.Release|x86.ActiveCfg = Release|Any CPU
		{F4106F61-0D0F-4F06-8E8E-F8283B66B506}.Release|x86.Build.0 = Release|Any CPU
		{6CC9D518-7F1C-4C4E-A4E6-506082D03F02}.Debug|Any CPU.ActiveCfg = Debug|Any CPU
		{6CC9D518-7F1C-4C4E-A4E6-506082D03F02}.Debug|Any CPU.Build.0 = Debug|Any CPU
		{6CC9D518-7F1C-4C4E-A4E6-506082D03F02}.Debug|Mixed Platforms.ActiveCfg = Debug|Any CPU
		{6CC9D518-7F1C-4C4E-A4E6-506082D03F02}.Debug|Mixed Platforms.Build.0 = Debug|Any CPU
		{6CC9D518-7F1C-4C4E-A4E6-506082D03F02}.Debug|Win32.ActiveCfg = Debug|Any CPU
		{6CC9D518-7F1C-4C4E-A4E6-506082D03F02}.Debug|Win32.Build.0 = Debug|Any CPU
		{6CC9D518-7F1C-4C4E-A4E6-506082D03F02}.Debug|x64.ActiveCfg = Debug|Any CPU
		{6CC9D518-7F1C-4C4E-A4E6-506082D03F02}.Debug|x64.Build.0 = Debug|Any CPU
		{6CC9D518-7F1C-4C4E-A4E6-506082D03F02}.Debug|x86.ActiveCfg = Debug|Any CPU
		{6CC9D518-7F1C-4C4E-A4E6-506082D03F02}.Debug|x86.Build.0 = Debug|Any CPU
		{6CC9D518-7F1C-4C4E-A4E6-506082D03F02}.Release|Any CPU.ActiveCfg = Release|Any CPU
		{6CC9D518-7F1C-4C4E-A4E6-506082D03F02}.Release|Any CPU.Build.0 = Release|Any CPU
		{6CC9D518-7F1C-4C4E-A4E6-506082D03F02}.Release|Mixed Platforms.ActiveCfg = Release|Any CPU
		{6CC9D518-7F1C-4C4E-A4E6-506082D03F02}.Release|Mixed Platforms.Build.0 = Release|Any CPU
		{6CC9D518-7F1C-4C4E-A4E6-506082D03F02}.Release|Win32.ActiveCfg = Release|Any CPU
		{6CC9D518-7F1C-4C4E-A4E6-506082D03F02}.Release|Win32.Build.0 = Release|Any CPU
		{6CC9D518-7F1C-4C4E-A4E6-506082D03F02}.Release|x64.ActiveCfg = Release|Any CPU
		{6CC9D518-7F1C-4C4E-A4E6-506082D03F02}.Release|x64.Build.0 = Release|Any CPU
		{6CC9D518-7F1C-4C4E-A4E6-506082D03F02}.Release|x86.ActiveCfg = Release|Any CPU
		{6CC9D518-7F1C-4C4E-A4E6-506082D03F02}.Release|x86.Build.0 = Release|Any CPU
		{F156CEC5-1EC3-4762-9199-23062A4D931D}.Debug|Any CPU.ActiveCfg = Debug|Any CPU
		{F156CEC5-1EC3-4762-9199-23062A4D931D}.Debug|Any CPU.Build.0 = Debug|Any CPU
		{F156CEC5-1EC3-4762-9199-23062A4D931D}.Debug|Mixed Platforms.ActiveCfg = Debug|Any CPU
		{F156CEC5-1EC3-4762-9199-23062A4D931D}.Debug|Mixed Platforms.Build.0 = Debug|Any CPU
		{F156CEC5-1EC3-4762-9199-23062A4D931D}.Debug|Win32.ActiveCfg = Debug|Any CPU
		{F156CEC5-1EC3-4762-9199-23062A4D931D}.Debug|Win32.Build.0 = Debug|Any CPU
		{F156CEC5-1EC3-4762-9199-23062A4D931D}.Debug|x64.ActiveCfg = Debug|Any CPU
		{F156CEC5-1EC3-4762-9199-23062A4D931D}.Debug|x64.Build.0 = Debug|Any CPU
		{F156CEC5-1EC3-4762-9199-23062A4D931D}.Debug|x86.ActiveCfg = Debug|Any CPU
		{F156CEC5-1EC3-4762-9199-23062A4D931D}.Debug|x86.Build.0 = Debug|Any CPU
		{F156CEC5-1EC3-4762-9199-23062A4D931D}.Release|Any CPU.ActiveCfg = Release|Any CPU
		{F156CEC5-1EC3-4762-9199-23062A4D931D}.Release|Any CPU.Build.0 = Release|Any CPU
		{F156CEC5-1EC3-4762-9199-23062A4D931D}.Release|Mixed Platforms.ActiveCfg = Release|Any CPU
		{F156CEC5-1EC3-4762-9199-23062A4D931D}.Release|Mixed Platforms.Build.0 = Release|Any CPU
		{F156CEC5-1EC3-4762-9199-23062A4D931D}.Release|Win32.ActiveCfg = Release|Any CPU
		{F156CEC5-1EC3-4762-9199-23062A4D931D}.Release|Win32.Build.0 = Release|Any CPU
		{F156CEC5-1EC3-4762-9199-23062A4D931D}.Release|x64.ActiveCfg = Release|Any CPU
		{F156CEC5-1EC3-4762-9199-23062A4D931D}.Release|x64.Build.0 = Release|Any CPU
		{F156CEC5-1EC3-4762-9199-23062A4D931D}.Release|x86.ActiveCfg = Release|Any CPU
		{F156CEC5-1EC3-4762-9199-23062A4D931D}.Release|x86.Build.0 = Release|Any CPU
		{F917E5D9-AC3D-4104-99F9-A681E0170A5A}.Debug|Any CPU.ActiveCfg = Debug|Any CPU
		{F917E5D9-AC3D-4104-99F9-A681E0170A5A}.Debug|Any CPU.Build.0 = Debug|Any CPU
		{F917E5D9-AC3D-4104-99F9-A681E0170A5A}.Debug|Mixed Platforms.ActiveCfg = Debug|Any CPU
		{F917E5D9-AC3D-4104-99F9-A681E0170A5A}.Debug|Mixed Platforms.Build.0 = Debug|Any CPU
		{F917E5D9-AC3D-4104-99F9-A681E0170A5A}.Debug|Win32.ActiveCfg = Debug|Any CPU
		{F917E5D9-AC3D-4104-99F9-A681E0170A5A}.Debug|Win32.Build.0 = Debug|Any CPU
		{F917E5D9-AC3D-4104-99F9-A681E0170A5A}.Debug|x64.ActiveCfg = Debug|Any CPU
		{F917E5D9-AC3D-4104-99F9-A681E0170A5A}.Debug|x64.Build.0 = Debug|Any CPU
		{F917E5D9-AC3D-4104-99F9-A681E0170A5A}.Debug|x86.ActiveCfg = Debug|Any CPU
		{F917E5D9-AC3D-4104-99F9-A681E0170A5A}.Debug|x86.Build.0 = Debug|Any CPU
		{F917E5D9-AC3D-4104-99F9-A681E0170A5A}.Release|Any CPU.ActiveCfg = Release|Any CPU
		{F917E5D9-AC3D-4104-99F9-A681E0170A5A}.Release|Any CPU.Build.0 = Release|Any CPU
		{F917E5D9-AC3D-4104-99F9-A681E0170A5A}.Release|Mixed Platforms.ActiveCfg = Release|Any CPU
		{F917E5D9-AC3D-4104-99F9-A681E0170A5A}.Release|Mixed Platforms.Build.0 = Release|Any CPU
		{F917E5D9-AC3D-4104-99F9-A681E0170A5A}.Release|Win32.ActiveCfg = Release|Any CPU
		{F917E5D9-AC3D-4104-99F9-A681E0170A5A}.Release|Win32.Build.0 = Release|Any CPU
		{F917E5D9-AC3D-4104-99F9-A681E0170A5A}.Release|x64.ActiveCfg = Release|Any CPU
		{F917E5D9-AC3D-4104-99F9-A681E0170A5A}.Release|x64.Build.0 = Release|Any CPU
		{F917E5D9-AC3D-4104-99F9-A681E0170A5A}.Release|x86.ActiveCfg = Release|Any CPU
		{F917E5D9-AC3D-4104-99F9-A681E0170A5A}.Release|x86.Build.0 = Release|Any CPU
		{15BB4362-8583-4584-97A8-CC96D0B836D3}.Debug|Any CPU.ActiveCfg = Debug|Any CPU
		{15BB4362-8583-4584-97A8-CC96D0B836D3}.Debug|Any CPU.Build.0 = Debug|Any CPU
		{15BB4362-8583-4584-97A8-CC96D0B836D3}.Debug|Mixed Platforms.ActiveCfg = Debug|Any CPU
		{15BB4362-8583-4584-97A8-CC96D0B836D3}.Debug|Mixed Platforms.Build.0 = Debug|Any CPU
		{15BB4362-8583-4584-97A8-CC96D0B836D3}.Debug|Win32.ActiveCfg = Debug|Any CPU
		{15BB4362-8583-4584-97A8-CC96D0B836D3}.Debug|Win32.Build.0 = Debug|Any CPU
		{15BB4362-8583-4584-97A8-CC96D0B836D3}.Debug|x64.ActiveCfg = Debug|Any CPU
		{15BB4362-8583-4584-97A8-CC96D0B836D3}.Debug|x64.Build.0 = Debug|Any CPU
		{15BB4362-8583-4584-97A8-CC96D0B836D3}.Debug|x86.ActiveCfg = Debug|Any CPU
		{15BB4362-8583-4584-97A8-CC96D0B836D3}.Debug|x86.Build.0 = Debug|Any CPU
		{15BB4362-8583-4584-97A8-CC96D0B836D3}.Release|Any CPU.ActiveCfg = Release|Any CPU
		{15BB4362-8583-4584-97A8-CC96D0B836D3}.Release|Any CPU.Build.0 = Release|Any CPU
		{15BB4362-8583-4584-97A8-CC96D0B836D3}.Release|Mixed Platforms.ActiveCfg = Release|Any CPU
		{15BB4362-8583-4584-97A8-CC96D0B836D3}.Release|Mixed Platforms.Build.0 = Release|Any CPU
		{15BB4362-8583-4584-97A8-CC96D0B836D3}.Release|Win32.ActiveCfg = Release|Any CPU
		{15BB4362-8583-4584-97A8-CC96D0B836D3}.Release|Win32.Build.0 = Release|Any CPU
		{15BB4362-8583-4584-97A8-CC96D0B836D3}.Release|x64.ActiveCfg = Release|Any CPU
		{15BB4362-8583-4584-97A8-CC96D0B836D3}.Release|x64.Build.0 = Release|Any CPU
		{15BB4362-8583-4584-97A8-CC96D0B836D3}.Release|x86.ActiveCfg = Release|Any CPU
		{15BB4362-8583-4584-97A8-CC96D0B836D3}.Release|x86.Build.0 = Release|Any CPU
	EndGlobalSection
	GlobalSection(SolutionProperties) = preSolution
		HideSolutionNode = FALSE
	EndGlobalSection
	GlobalSection(ExtensibilityGlobals) = postSolution
		SolutionGuid = {9B327EF1-E2ED-4C15-BB1F-3CDD706981E1}
	EndGlobalSection
	GlobalSection(TeamFoundationVersionControl) = preSolution
		SccNumberOfProjects = 21
		SccEnterpriseProvider = {4CA58AB2-18FA-4F8D-95D4-32DDF27D184C}
		SccTeamFoundationServer = https://phast.visualstudio.com/
		SccLocalPath0 = .
		SccProjectUniqueName1 = ParserIO_COMclient\\test.vcxproj
		SccProjectName1 = ParserIO_COMclient
		SccLocalPath1 = ParserIO_COMclient
		SccProjectUniqueName2 = ParserIO.DAO\\ParserIO.DAO.csproj
		SccProjectName2 = ParserIO.DAO
		SccLocalPath2 = ParserIO.DAO
		SccProjectUniqueName3 = ParserIO.WCF.Client\\ParserIO.WCF.Client.csproj
		SccProjectName3 = ParserIO.WCF.Client
		SccLocalPath3 = ParserIO.WCF.Client
		SccProjectUniqueName4 = ParserIO.Console\\ParserIO.Console.csproj
		SccProjectName4 = ParserIO.Console
		SccLocalPath4 = ParserIO.Console
		SccProjectUniqueName5 = ParserIO.WCF.Service\\ParserIO.WCF.Service.csproj
		SccProjectName5 = ParserIO.WCF.Service
		SccLocalPath5 = ParserIO.WCF.Service
		SccProjectUniqueName6 = ParserIO.WebAPI.Console\\ParserIO.WebAPI.Console.csproj
		SccProjectName6 = ParserIO.WebAPI.Console
		SccLocalPath6 = ParserIO.WebAPI.Console
		SccProjectUniqueName7 = ParserIO.WebAPI.SPA\\ParserIO.WebAPI.SPA.csproj
		SccProjectName7 = ParserIO.WebAPI.SPA
		SccLocalPath7 = ParserIO.WebAPI.SPA
		SccProjectUniqueName8 = ParserIO.Database\\ParserIO.Database.sqlproj
		SccProjectName8 = ParserIO.Database
		SccLocalPath8 = ParserIO.Database
		SccProjectUniqueName9 = ParserIO.DAL\\ParserIO.DAL.csproj
		SccProjectName9 = ParserIO.DAL
		SccLocalPath9 = ParserIO.DAL
		SccProjectUniqueName10 = ParserIO.ORM\\ParserIO.ORM.csproj
		SccProjectName10 = ParserIO.ORM
		SccLocalPath10 = ParserIO.ORM
		SccProjectUniqueName11 = ParserIO.Tools\\ParserIO.Tools.csproj
		SccProjectName11 = ParserIO.Tools
		SccLocalPath11 = ParserIO.Tools
		SccProjectUniqueName12 = ParserIO.Tools.Console\\ParserIO.Tools.Console.csproj
		SccProjectName12 = ParserIO.Tools.Console
		SccLocalPath12 = ParserIO.Tools.Console
		SccProjectUniqueName13 = ParserIO.Benchmark.Compare\\ParserIO.Benchmark.Compare.csproj
		SccProjectName13 = ParserIO.Benchmark.Compare
		SccLocalPath13 = ParserIO.Benchmark.Compare
		SccProjectUniqueName14 = ParserIO.Benchmark\\ParserIO.Benchmark.csproj
		SccProjectName14 = ParserIO.Benchmark
		SccLocalPath14 = ParserIO.Benchmark
		SccProjectUniqueName15 = ParserIO.Core\\ParserIO.Core.csproj
		SccProjectName15 = ParserIO.Core
		SccLocalPath15 = ParserIO.Core
		SccProjectUniqueName16 = ParserIO.Core.UnitTest\\ParserIO.Core.UnitTest.csproj
		SccProjectName16 = ParserIO.Core.UnitTest
		SccLocalPath16 = ParserIO.Core.UnitTest
		SccProjectUniqueName17 = ParserIO.WebAPI.Service\\ParserIO.WebAPI.Service.csproj
		SccProjectName17 = ParserIO.WebAPI.Service
		SccLocalPath17 = ParserIO.WebAPI.Service
		SccProjectUniqueName18 = ParserIO.LegacyWS.Console\\ParserIO.LegacyWS.Console.csproj
		SccProjectName18 = ParserIO.LegacyWS.Console
		SccLocalPath18 = ParserIO.LegacyWS.Console
		SccProjectUniqueName19 = ParserIO.LegacyWS.Service\\ParserIO.LegacyWS.Service.csproj
		SccProjectName19 = ParserIO.LegacyWS.Service
		SccLocalPath19 = ParserIO.LegacyWS.Service
		SccProjectUniqueName20 = ParserIO.WinFormsApp\\ParserIO.WinFormsApp.csproj
		SccProjectName20 = ParserIO.WinFormsApp
		SccLocalPath20 = ParserIO.WinFormsApp
	EndGlobalSection
EndGlobal
