
Microsoft Visual Studio Solution File, Format Version 12.00
# Visual Studio 2013
VisualStudioVersion = 12.0.31101.0
MinimumVisualStudioVersion = 10.0.40219.1
Project("{2150E333-8FDC-42A3-9474-1A3956D46DE8}") = "LICENSE", "LICENSE", "{3C850824-409A-4BBD-ACE7-FC76DD7430F6}"
	ProjectSection(SolutionItems) = preProject
		..\COPYING.LESSER.txt = ..\COPYING.LESSER.txt
		..\COPYING.txt = ..\COPYING.txt
		..\README.txt = ..\README.txt
	EndProjectSection
EndProject
Project("{FAE04EC0-301F-11D3-BF4B-00C04F79EFBC}") = "ParserIO_Benchmark", "ParserIO_Benchmark\ParserIO_Benchmark.csproj", "{4D530BEC-F719-4081-94CC-0848710DF702}"
EndProject
Project("{FAE04EC0-301F-11D3-BF4B-00C04F79EFBC}") = "ParserIO__BenchmarkDelta", "ParserIO_BenchmarkDelta\ParserIO__BenchmarkDelta.csproj", "{D4C8B2AE-F560-4627-B948-3DF39166A909}"
EndProject
Project("{8BC9CEB8-8B4A-11D0-8D11-00A0C91BC942}") = "ParserIO_COMclient", "ParserIO_COMclient\test.vcxproj", "{50AFC760-AD03-432F-A0F0-FC93F6F68DD8}"
EndProject
Project("{FAE04EC0-301F-11D3-BF4B-00C04F79EFBC}") = "ParserIO_Console", "ParserIO_console\ParserIO_Console.csproj", "{A6DB12A4-DA7A-4DC2-B0F2-0402AF58E984}"
EndProject
Project("{FAE04EC0-301F-11D3-BF4B-00C04F79EFBC}") = "ParserIO_functions", "ParserIO_functions\ParserIO_functions.csproj", "{259E6447-623D-4345-9CE3-41FA5BA0F53C}"
EndProject
Project("{FAE04EC0-301F-11D3-BF4B-00C04F79EFBC}") = "ParserIO_WSBenchmark", "ParserIO_WSBenchmark\ParserIO_WSBenchmark.csproj", "{CB980122-ED16-4C04-B1DE-54F865CFDF0A}"
EndProject
Project("{FAE04EC0-301F-11D3-BF4B-00C04F79EFBC}") = "ParserIO_WSClient", "ParserIO_WSClient\ParserIO_WSClient.csproj", "{96EF99CA-6006-46F1-86EB-3DD161DA4676}"
EndProject
Project("{2150E333-8FDC-42A3-9474-1A3956D46DE8}") = ".nuget", ".nuget", "{5DA17830-3D81-4988-ACA7-2BE82D2103A1}"
	ProjectSection(SolutionItems) = preProject
		.nuget\NuGet.Config = .nuget\NuGet.Config
		.nuget\NuGet.exe = .nuget\NuGet.exe
		.nuget\NuGet.targets = .nuget\NuGet.targets
	EndProjectSection
EndProject
Project("{FAE04EC0-301F-11D3-BF4B-00C04F79EFBC}") = "ParserIO_WS", "ParserIO_WS\ParserIO_WS.csproj", "{47C78969-5AD7-441A-8049-55325C4927C7}"
EndProject
Project("{FAE04EC0-301F-11D3-BF4B-00C04F79EFBC}") = "ParserIO_WS_WCF", "ParserIO_WS_WCF\ParserIO_WS_WCF.csproj", "{17210D24-F2F8-444F-8B5A-FD8105C4F81C}"
EndProject
Project("{FAE04EC0-301F-11D3-BF4B-00C04F79EFBC}") = "ParserIO_functions_Test", "ParserIO_functions_Test\ParserIO_functions_Test.csproj", "{253F3B55-A6DA-4C57-9BB6-6BE430DEF696}"
EndProject
Global
	GlobalSection(TeamFoundationVersionControl) = preSolution
		SccNumberOfProjects = 11
		SccEnterpriseProvider = {4CA58AB2-18FA-4F8D-95D4-32DDF27D184C}
		SccTeamFoundationServer = https://phast.visualstudio.com/defaultcollection
		SccLocalPath0 = .
		SccProjectUniqueName1 = ParserIO_Benchmark\\ParserIO_Benchmark.csproj
		SccProjectName1 = ParserIO_Benchmark
		SccLocalPath1 = ParserIO_Benchmark
		SccProjectUniqueName2 = ParserIO_BenchmarkDelta\\ParserIO__BenchmarkDelta.csproj
		SccProjectName2 = ParserIO_BenchmarkDelta
		SccLocalPath2 = ParserIO_BenchmarkDelta
		SccProjectUniqueName3 = ParserIO_COMclient\\test.vcxproj
		SccProjectName3 = ParserIO_COMclient
		SccLocalPath3 = ParserIO_COMclient
		SccProjectUniqueName4 = ParserIO_console\\ParserIO_Console.csproj
		SccProjectName4 = ParserIO_console
		SccLocalPath4 = ParserIO_console
		SccProjectUniqueName5 = ParserIO_functions\\ParserIO_functions.csproj
		SccProjectName5 = ParserIO_functions
		SccLocalPath5 = ParserIO_functions
		SccProjectUniqueName6 = ParserIO_WSBenchmark\\ParserIO_WSBenchmark.csproj
		SccProjectName6 = ParserIO_WSBenchmark
		SccLocalPath6 = ParserIO_WSBenchmark
		SccProjectUniqueName7 = ParserIO_WSClient\\ParserIO_WSClient.csproj
		SccProjectName7 = ParserIO_WSClient
		SccLocalPath7 = ParserIO_WSClient
		SccProjectUniqueName8 = ParserIO_WS\\ParserIO_WS.csproj
		SccProjectName8 = ParserIO_WS
		SccLocalPath8 = ParserIO_WS
		SccProjectUniqueName9 = ParserIO_WS_WCF\\ParserIO_WS_WCF.csproj
		SccProjectName9 = ParserIO_WS_WCF
		SccLocalPath9 = ParserIO_WS_WCF
		SccProjectUniqueName10 = ParserIO_functions_Test\\ParserIO_functions_Test.csproj
		SccProjectName10 = ParserIO_functions_Test
		SccLocalPath10 = ParserIO_functions_Test
	EndGlobalSection
	GlobalSection(SolutionConfigurationPlatforms) = preSolution
		Debug|Any CPU = Debug|Any CPU
		Debug|Mixed Platforms = Debug|Mixed Platforms
		Debug|Win32 = Debug|Win32
		Debug|x86 = Debug|x86
		Release|Any CPU = Release|Any CPU
		Release|Mixed Platforms = Release|Mixed Platforms
		Release|Win32 = Release|Win32
		Release|x86 = Release|x86
	EndGlobalSection
	GlobalSection(ProjectConfigurationPlatforms) = postSolution
		{4D530BEC-F719-4081-94CC-0848710DF702}.Debug|Any CPU.ActiveCfg = Debug|x86
		{4D530BEC-F719-4081-94CC-0848710DF702}.Debug|Mixed Platforms.ActiveCfg = Debug|x86
		{4D530BEC-F719-4081-94CC-0848710DF702}.Debug|Mixed Platforms.Build.0 = Debug|x86
		{4D530BEC-F719-4081-94CC-0848710DF702}.Debug|Win32.ActiveCfg = Debug|x86
		{4D530BEC-F719-4081-94CC-0848710DF702}.Debug|Win32.Build.0 = Debug|x86
		{4D530BEC-F719-4081-94CC-0848710DF702}.Debug|x86.ActiveCfg = Debug|x86
		{4D530BEC-F719-4081-94CC-0848710DF702}.Debug|x86.Build.0 = Debug|x86
		{4D530BEC-F719-4081-94CC-0848710DF702}.Release|Any CPU.ActiveCfg = Release|x86
		{4D530BEC-F719-4081-94CC-0848710DF702}.Release|Mixed Platforms.ActiveCfg = Release|x86
		{4D530BEC-F719-4081-94CC-0848710DF702}.Release|Mixed Platforms.Build.0 = Release|x86
		{4D530BEC-F719-4081-94CC-0848710DF702}.Release|Win32.ActiveCfg = Release|x86
		{4D530BEC-F719-4081-94CC-0848710DF702}.Release|Win32.Build.0 = Release|x86
		{4D530BEC-F719-4081-94CC-0848710DF702}.Release|x86.ActiveCfg = Release|x86
		{4D530BEC-F719-4081-94CC-0848710DF702}.Release|x86.Build.0 = Release|x86
		{D4C8B2AE-F560-4627-B948-3DF39166A909}.Debug|Any CPU.ActiveCfg = Debug|x86
		{D4C8B2AE-F560-4627-B948-3DF39166A909}.Debug|Mixed Platforms.ActiveCfg = Debug|x86
		{D4C8B2AE-F560-4627-B948-3DF39166A909}.Debug|Mixed Platforms.Build.0 = Debug|x86
		{D4C8B2AE-F560-4627-B948-3DF39166A909}.Debug|Win32.ActiveCfg = Debug|x86
		{D4C8B2AE-F560-4627-B948-3DF39166A909}.Debug|Win32.Build.0 = Debug|x86
		{D4C8B2AE-F560-4627-B948-3DF39166A909}.Debug|x86.ActiveCfg = Debug|x86
		{D4C8B2AE-F560-4627-B948-3DF39166A909}.Debug|x86.Build.0 = Debug|x86
		{D4C8B2AE-F560-4627-B948-3DF39166A909}.Release|Any CPU.ActiveCfg = Release|x86
		{D4C8B2AE-F560-4627-B948-3DF39166A909}.Release|Mixed Platforms.ActiveCfg = Release|x86
		{D4C8B2AE-F560-4627-B948-3DF39166A909}.Release|Mixed Platforms.Build.0 = Release|x86
		{D4C8B2AE-F560-4627-B948-3DF39166A909}.Release|Win32.ActiveCfg = Release|x86
		{D4C8B2AE-F560-4627-B948-3DF39166A909}.Release|Win32.Build.0 = Release|x86
		{D4C8B2AE-F560-4627-B948-3DF39166A909}.Release|x86.ActiveCfg = Release|x86
		{D4C8B2AE-F560-4627-B948-3DF39166A909}.Release|x86.Build.0 = Release|x86
		{50AFC760-AD03-432F-A0F0-FC93F6F68DD8}.Debug|Any CPU.ActiveCfg = Debug|Win32
		{50AFC760-AD03-432F-A0F0-FC93F6F68DD8}.Debug|Mixed Platforms.ActiveCfg = Debug|Win32
		{50AFC760-AD03-432F-A0F0-FC93F6F68DD8}.Debug|Mixed Platforms.Build.0 = Debug|Win32
		{50AFC760-AD03-432F-A0F0-FC93F6F68DD8}.Debug|Win32.ActiveCfg = Debug|Win32
		{50AFC760-AD03-432F-A0F0-FC93F6F68DD8}.Debug|Win32.Build.0 = Debug|Win32
		{50AFC760-AD03-432F-A0F0-FC93F6F68DD8}.Debug|x86.ActiveCfg = Debug|Win32
		{50AFC760-AD03-432F-A0F0-FC93F6F68DD8}.Debug|x86.Build.0 = Debug|Win32
		{50AFC760-AD03-432F-A0F0-FC93F6F68DD8}.Release|Any CPU.ActiveCfg = Release|Win32
		{50AFC760-AD03-432F-A0F0-FC93F6F68DD8}.Release|Mixed Platforms.ActiveCfg = Release|Win32
		{50AFC760-AD03-432F-A0F0-FC93F6F68DD8}.Release|Mixed Platforms.Build.0 = Release|Win32
		{50AFC760-AD03-432F-A0F0-FC93F6F68DD8}.Release|Win32.ActiveCfg = Release|Win32
		{50AFC760-AD03-432F-A0F0-FC93F6F68DD8}.Release|Win32.Build.0 = Release|Win32
		{50AFC760-AD03-432F-A0F0-FC93F6F68DD8}.Release|x86.ActiveCfg = Release|Win32
		{50AFC760-AD03-432F-A0F0-FC93F6F68DD8}.Release|x86.Build.0 = Release|Win32
		{A6DB12A4-DA7A-4DC2-B0F2-0402AF58E984}.Debug|Any CPU.ActiveCfg = Debug|Any CPU
		{A6DB12A4-DA7A-4DC2-B0F2-0402AF58E984}.Debug|Any CPU.Build.0 = Debug|Any CPU
		{A6DB12A4-DA7A-4DC2-B0F2-0402AF58E984}.Debug|Mixed Platforms.ActiveCfg = Debug|Any CPU
		{A6DB12A4-DA7A-4DC2-B0F2-0402AF58E984}.Debug|Mixed Platforms.Build.0 = Debug|Any CPU
		{A6DB12A4-DA7A-4DC2-B0F2-0402AF58E984}.Debug|Win32.ActiveCfg = Debug|Any CPU
		{A6DB12A4-DA7A-4DC2-B0F2-0402AF58E984}.Debug|x86.ActiveCfg = Debug|Any CPU
		{A6DB12A4-DA7A-4DC2-B0F2-0402AF58E984}.Release|Any CPU.ActiveCfg = Release|Any CPU
		{A6DB12A4-DA7A-4DC2-B0F2-0402AF58E984}.Release|Any CPU.Build.0 = Release|Any CPU
		{A6DB12A4-DA7A-4DC2-B0F2-0402AF58E984}.Release|Mixed Platforms.ActiveCfg = Release|Any CPU
		{A6DB12A4-DA7A-4DC2-B0F2-0402AF58E984}.Release|Mixed Platforms.Build.0 = Release|Any CPU
		{A6DB12A4-DA7A-4DC2-B0F2-0402AF58E984}.Release|Win32.ActiveCfg = Release|Any CPU
		{A6DB12A4-DA7A-4DC2-B0F2-0402AF58E984}.Release|x86.ActiveCfg = Release|Any CPU
		{259E6447-623D-4345-9CE3-41FA5BA0F53C}.Debug|Any CPU.ActiveCfg = Debug|Any CPU
		{259E6447-623D-4345-9CE3-41FA5BA0F53C}.Debug|Any CPU.Build.0 = Debug|Any CPU
		{259E6447-623D-4345-9CE3-41FA5BA0F53C}.Debug|Mixed Platforms.ActiveCfg = Debug|Any CPU
		{259E6447-623D-4345-9CE3-41FA5BA0F53C}.Debug|Mixed Platforms.Build.0 = Debug|Any CPU
		{259E6447-623D-4345-9CE3-41FA5BA0F53C}.Debug|Win32.ActiveCfg = Debug|Any CPU
		{259E6447-623D-4345-9CE3-41FA5BA0F53C}.Debug|x86.ActiveCfg = Debug|Any CPU
		{259E6447-623D-4345-9CE3-41FA5BA0F53C}.Release|Any CPU.ActiveCfg = Release|Any CPU
		{259E6447-623D-4345-9CE3-41FA5BA0F53C}.Release|Any CPU.Build.0 = Release|Any CPU
		{259E6447-623D-4345-9CE3-41FA5BA0F53C}.Release|Mixed Platforms.ActiveCfg = Release|Any CPU
		{259E6447-623D-4345-9CE3-41FA5BA0F53C}.Release|Mixed Platforms.Build.0 = Release|Any CPU
		{259E6447-623D-4345-9CE3-41FA5BA0F53C}.Release|Win32.ActiveCfg = Release|Any CPU
		{259E6447-623D-4345-9CE3-41FA5BA0F53C}.Release|x86.ActiveCfg = Release|Any CPU
		{CB980122-ED16-4C04-B1DE-54F865CFDF0A}.Debug|Any CPU.ActiveCfg = Debug|x86
		{CB980122-ED16-4C04-B1DE-54F865CFDF0A}.Debug|Mixed Platforms.ActiveCfg = Debug|x86
		{CB980122-ED16-4C04-B1DE-54F865CFDF0A}.Debug|Mixed Platforms.Build.0 = Debug|x86
		{CB980122-ED16-4C04-B1DE-54F865CFDF0A}.Debug|Win32.ActiveCfg = Debug|x86
		{CB980122-ED16-4C04-B1DE-54F865CFDF0A}.Debug|Win32.Build.0 = Debug|x86
		{CB980122-ED16-4C04-B1DE-54F865CFDF0A}.Debug|x86.ActiveCfg = Debug|x86
		{CB980122-ED16-4C04-B1DE-54F865CFDF0A}.Debug|x86.Build.0 = Debug|x86
		{CB980122-ED16-4C04-B1DE-54F865CFDF0A}.Release|Any CPU.ActiveCfg = Release|x86
		{CB980122-ED16-4C04-B1DE-54F865CFDF0A}.Release|Mixed Platforms.ActiveCfg = Release|x86
		{CB980122-ED16-4C04-B1DE-54F865CFDF0A}.Release|Mixed Platforms.Build.0 = Release|x86
		{CB980122-ED16-4C04-B1DE-54F865CFDF0A}.Release|Win32.ActiveCfg = Release|x86
		{CB980122-ED16-4C04-B1DE-54F865CFDF0A}.Release|Win32.Build.0 = Release|x86
		{CB980122-ED16-4C04-B1DE-54F865CFDF0A}.Release|x86.ActiveCfg = Release|x86
		{CB980122-ED16-4C04-B1DE-54F865CFDF0A}.Release|x86.Build.0 = Release|x86
		{96EF99CA-6006-46F1-86EB-3DD161DA4676}.Debug|Any CPU.ActiveCfg = Debug|x86
		{96EF99CA-6006-46F1-86EB-3DD161DA4676}.Debug|Mixed Platforms.ActiveCfg = Debug|x86
		{96EF99CA-6006-46F1-86EB-3DD161DA4676}.Debug|Mixed Platforms.Build.0 = Debug|x86
		{96EF99CA-6006-46F1-86EB-3DD161DA4676}.Debug|Win32.ActiveCfg = Debug|x86
		{96EF99CA-6006-46F1-86EB-3DD161DA4676}.Debug|Win32.Build.0 = Debug|x86
		{96EF99CA-6006-46F1-86EB-3DD161DA4676}.Debug|x86.ActiveCfg = Debug|x86
		{96EF99CA-6006-46F1-86EB-3DD161DA4676}.Debug|x86.Build.0 = Debug|x86
		{96EF99CA-6006-46F1-86EB-3DD161DA4676}.Release|Any CPU.ActiveCfg = Release|x86
		{96EF99CA-6006-46F1-86EB-3DD161DA4676}.Release|Mixed Platforms.ActiveCfg = Release|x86
		{96EF99CA-6006-46F1-86EB-3DD161DA4676}.Release|Mixed Platforms.Build.0 = Release|x86
		{96EF99CA-6006-46F1-86EB-3DD161DA4676}.Release|Win32.ActiveCfg = Release|x86
		{96EF99CA-6006-46F1-86EB-3DD161DA4676}.Release|Win32.Build.0 = Release|x86
		{96EF99CA-6006-46F1-86EB-3DD161DA4676}.Release|x86.ActiveCfg = Release|x86
		{96EF99CA-6006-46F1-86EB-3DD161DA4676}.Release|x86.Build.0 = Release|x86
		{47C78969-5AD7-441A-8049-55325C4927C7}.Debug|Any CPU.ActiveCfg = Debug|Any CPU
		{47C78969-5AD7-441A-8049-55325C4927C7}.Debug|Any CPU.Build.0 = Debug|Any CPU
		{47C78969-5AD7-441A-8049-55325C4927C7}.Debug|Mixed Platforms.ActiveCfg = Debug|Any CPU
		{47C78969-5AD7-441A-8049-55325C4927C7}.Debug|Mixed Platforms.Build.0 = Debug|Any CPU
		{47C78969-5AD7-441A-8049-55325C4927C7}.Debug|Win32.ActiveCfg = Debug|Any CPU
		{47C78969-5AD7-441A-8049-55325C4927C7}.Debug|x86.ActiveCfg = Debug|Any CPU
		{47C78969-5AD7-441A-8049-55325C4927C7}.Release|Any CPU.ActiveCfg = Release|Any CPU
		{47C78969-5AD7-441A-8049-55325C4927C7}.Release|Any CPU.Build.0 = Release|Any CPU
		{47C78969-5AD7-441A-8049-55325C4927C7}.Release|Mixed Platforms.ActiveCfg = Release|Any CPU
		{47C78969-5AD7-441A-8049-55325C4927C7}.Release|Mixed Platforms.Build.0 = Release|Any CPU
		{47C78969-5AD7-441A-8049-55325C4927C7}.Release|Win32.ActiveCfg = Release|Any CPU
		{47C78969-5AD7-441A-8049-55325C4927C7}.Release|x86.ActiveCfg = Release|Any CPU
		{17210D24-F2F8-444F-8B5A-FD8105C4F81C}.Debug|Any CPU.ActiveCfg = Debug|Any CPU
		{17210D24-F2F8-444F-8B5A-FD8105C4F81C}.Debug|Any CPU.Build.0 = Debug|Any CPU
		{17210D24-F2F8-444F-8B5A-FD8105C4F81C}.Debug|Mixed Platforms.ActiveCfg = Debug|Any CPU
		{17210D24-F2F8-444F-8B5A-FD8105C4F81C}.Debug|Mixed Platforms.Build.0 = Debug|Any CPU
		{17210D24-F2F8-444F-8B5A-FD8105C4F81C}.Debug|Win32.ActiveCfg = Debug|Any CPU
		{17210D24-F2F8-444F-8B5A-FD8105C4F81C}.Debug|x86.ActiveCfg = Debug|Any CPU
		{17210D24-F2F8-444F-8B5A-FD8105C4F81C}.Release|Any CPU.ActiveCfg = Release|Any CPU
		{17210D24-F2F8-444F-8B5A-FD8105C4F81C}.Release|Any CPU.Build.0 = Release|Any CPU
		{17210D24-F2F8-444F-8B5A-FD8105C4F81C}.Release|Mixed Platforms.ActiveCfg = Release|Any CPU
		{17210D24-F2F8-444F-8B5A-FD8105C4F81C}.Release|Mixed Platforms.Build.0 = Release|Any CPU
		{17210D24-F2F8-444F-8B5A-FD8105C4F81C}.Release|Win32.ActiveCfg = Release|Any CPU
		{17210D24-F2F8-444F-8B5A-FD8105C4F81C}.Release|x86.ActiveCfg = Release|Any CPU
		{253F3B55-A6DA-4C57-9BB6-6BE430DEF696}.Debug|Any CPU.ActiveCfg = Debug|Any CPU
		{253F3B55-A6DA-4C57-9BB6-6BE430DEF696}.Debug|Any CPU.Build.0 = Debug|Any CPU
		{253F3B55-A6DA-4C57-9BB6-6BE430DEF696}.Debug|Mixed Platforms.ActiveCfg = Debug|Any CPU
		{253F3B55-A6DA-4C57-9BB6-6BE430DEF696}.Debug|Mixed Platforms.Build.0 = Debug|Any CPU
		{253F3B55-A6DA-4C57-9BB6-6BE430DEF696}.Debug|Win32.ActiveCfg = Debug|Any CPU
		{253F3B55-A6DA-4C57-9BB6-6BE430DEF696}.Debug|x86.ActiveCfg = Debug|Any CPU
		{253F3B55-A6DA-4C57-9BB6-6BE430DEF696}.Release|Any CPU.ActiveCfg = Release|Any CPU
		{253F3B55-A6DA-4C57-9BB6-6BE430DEF696}.Release|Any CPU.Build.0 = Release|Any CPU
		{253F3B55-A6DA-4C57-9BB6-6BE430DEF696}.Release|Mixed Platforms.ActiveCfg = Release|Any CPU
		{253F3B55-A6DA-4C57-9BB6-6BE430DEF696}.Release|Mixed Platforms.Build.0 = Release|Any CPU
		{253F3B55-A6DA-4C57-9BB6-6BE430DEF696}.Release|Win32.ActiveCfg = Release|Any CPU
		{253F3B55-A6DA-4C57-9BB6-6BE430DEF696}.Release|x86.ActiveCfg = Release|Any CPU
	EndGlobalSection
	GlobalSection(SolutionProperties) = preSolution
		HideSolutionNode = FALSE
	EndGlobalSection
EndGlobal
